
Microsoft Visual Studio Solution File, Format Version 12.00
# Visual Studio Version 17
VisualStudioVersion = 17.4.33213.308
MinimumVisualStudioVersion = 10.0.40219.1
Project("{FAE04EC0-301F-11D3-BF4B-00C04F79EFBC}") = "ProjetoGestaoVendas", "ProjetoGestaoVendas\ProjetoGestaoVendas.csproj", "{D1256FDC-696C-4903-BA26-E4E01A3DFC37}"
EndProject
Global
	GlobalSection(SolutionConfigurationPlatforms) = preSolution
		Debug|Any CPU = Debug|Any CPU
		Release|Any CPU = Release|Any CPU
	EndGlobalSection
	GlobalSection(ProjectConfigurationPlatforms) = postSolution
		{D1256FDC-696C-4903-BA26-E4E01A3DFC37}.Debug|Any CPU.ActiveCfg = Debug|Any CPU
		{D1256FDC-696C-4903-BA26-E4E01A3DFC37}.Debug|Any CPU.Build.0 = Debug|Any CPU
		{D1256FDC-696C-4903-BA26-E4E01A3DFC37}.Release|Any CPU.ActiveCfg = Release|Any CPU
		{D1256FDC-696C-4903-BA26-E4E01A3DFC37}.Release|Any CPU.Build.0 = Release|Any CPU
	EndGlobalSection
	GlobalSection(SolutionProperties) = preSolution
		HideSolutionNode = FALSE
	EndGlobalSection
	GlobalSection(ExtensibilityGlobals) = postSolution
		SolutionGuid = {4C802A1E-2F54-4020-A981-C5EDF73EC758}
	EndGlobalSection
EndGlobal
